
Microsoft Visual Studio Solution File, Format Version 12.00
# Visual Studio Version 16
VisualStudioVersion = 16.0.29728.190
MinimumVisualStudioVersion = 10.0.40219.1
Project("{FAE04EC0-301F-11D3-BF4B-00C04F79EFBC}") = "ExceptionHandling", "ExceptionHandling\ExceptionHandling.csproj", "{D9E1D76A-122B-4817-84D3-7A89AEE18492}"
EndProject
Global
	GlobalSection(SolutionConfigurationPlatforms) = preSolution
		Debug|Any CPU = Debug|Any CPU
		Release|Any CPU = Release|Any CPU
	EndGlobalSection
	GlobalSection(ProjectConfigurationPlatforms) = postSolution
		{D9E1D76A-122B-4817-84D3-7A89AEE18492}.Debug|Any CPU.ActiveCfg = Debug|Any CPU
		{D9E1D76A-122B-4817-84D3-7A89AEE18492}.Debug|Any CPU.Build.0 = Debug|Any CPU
		{D9E1D76A-122B-4817-84D3-7A89AEE18492}.Release|Any CPU.ActiveCfg = Release|Any CPU
		{D9E1D76A-122B-4817-84D3-7A89AEE18492}.Release|Any CPU.Build.0 = Release|Any CPU
	EndGlobalSection
	GlobalSection(SolutionProperties) = preSolution
		HideSolutionNode = FALSE
	EndGlobalSection
	GlobalSection(ExtensibilityGlobals) = postSolution
		SolutionGuid = {64C1F655-D5ED-44FE-9366-009EE19A7CFF}
	EndGlobalSection
EndGlobal
